
Microsoft Visual Studio Solution File, Format Version 12.00
# Visual Studio Version 17
VisualStudioVersion = 17.1.32421.90
MinimumVisualStudioVersion = 10.0.40219.1
Project("{FAE04EC0-301F-11D3-BF4B-00C04F79EFBC}") = "ConsoleApp5", "ConsoleApp5.csproj", "{4141854C-6D11-4CAE-9843-5FDA1182631E}"
EndProject
Global
	GlobalSection(SolutionConfigurationPlatforms) = preSolution
		Debug|Any CPU = Debug|Any CPU
		Release|Any CPU = Release|Any CPU
	EndGlobalSection
	GlobalSection(ProjectConfigurationPlatforms) = postSolution
		{4141854C-6D11-4CAE-9843-5FDA1182631E}.Debug|Any CPU.ActiveCfg = Debug|Any CPU
		{4141854C-6D11-4CAE-9843-5FDA1182631E}.Debug|Any CPU.Build.0 = Debug|Any CPU
		{4141854C-6D11-4CAE-9843-5FDA1182631E}.Release|Any CPU.ActiveCfg = Release|Any CPU
		{4141854C-6D11-4CAE-9843-5FDA1182631E}.Release|Any CPU.Build.0 = Release|Any CPU
	EndGlobalSection
	GlobalSection(SolutionProperties) = preSolution
		HideSolutionNode = FALSE
	EndGlobalSection
	GlobalSection(ExtensibilityGlobals) = postSolution
		SolutionGuid = {4663C3C3-DFEA-4485-B00A-AC3EC89EE4C3}
	EndGlobalSection
EndGlobal
